
Microsoft Visual Studio Solution File, Format Version 12.00
# Visual Studio Version 16
VisualStudioVersion = 25.0.1705.6
MinimumVisualStudioVersion = 10.0.40219.1
Project("{FAE04EC0-301F-11D3-BF4B-00C04F79EFBC}") = "Day4AOC", "Day4AOC\Day4AOC.csproj", "{C06A1ECE-81C4-4394-B811-E344B161610F}"
EndProject
Global
	GlobalSection(SolutionConfigurationPlatforms) = preSolution
		Debug|Any CPU = Debug|Any CPU
		Release|Any CPU = Release|Any CPU
	EndGlobalSection
	GlobalSection(ProjectConfigurationPlatforms) = postSolution
		{C06A1ECE-81C4-4394-B811-E344B161610F}.Debug|Any CPU.ActiveCfg = Debug|Any CPU
		{C06A1ECE-81C4-4394-B811-E344B161610F}.Debug|Any CPU.Build.0 = Debug|Any CPU
		{C06A1ECE-81C4-4394-B811-E344B161610F}.Release|Any CPU.ActiveCfg = Release|Any CPU
		{C06A1ECE-81C4-4394-B811-E344B161610F}.Release|Any CPU.Build.0 = Release|Any CPU
	EndGlobalSection
	GlobalSection(SolutionProperties) = preSolution
		HideSolutionNode = FALSE
	EndGlobalSection
	GlobalSection(ExtensibilityGlobals) = postSolution
		SolutionGuid = {6FBF7D93-0214-4E07-B9BA-AC91A61658C2}
	EndGlobalSection
EndGlobal
